
Microsoft Visual Studio Solution File, Format Version 10.00
# Visual Studio 2008
Project("{8BC9CEB8-8B4A-11D0-8D11-00A0C91BC942}") = "Visualization", "Visualization.vcproj", "{6EC7C810-347D-4D75-8855-A40D663E7282}"
EndProject
Global
	GlobalSection(SolutionConfigurationPlatforms) = preSolution
		Debug|M8SDK (ARMV4I) = Debug|M8SDK (ARMV4I)
		Release|M8SDK (ARMV4I) = Release|M8SDK (ARMV4I)
	EndGlobalSection
	GlobalSection(ProjectConfigurationPlatforms) = postSolution
		{6EC7C810-347D-4D75-8855-A40D663E7282}.Debug|M8SDK (ARMV4I).ActiveCfg = Debug|M8SDK (ARMV4I)
		{6EC7C810-347D-4D75-8855-A40D663E7282}.Debug|M8SDK (ARMV4I).Build.0 = Debug|M8SDK (ARMV4I)
		{6EC7C810-347D-4D75-8855-A40D663E7282}.Debug|M8SDK (ARMV4I).Deploy.0 = Debug|M8SDK (ARMV4I)
		{6EC7C810-347D-4D75-8855-A40D663E7282}.Release|M8SDK (ARMV4I).ActiveCfg = Release|M8SDK (ARMV4I)
		{6EC7C810-347D-4D75-8855-A40D663E7282}.Release|M8SDK (ARMV4I).Build.0 = Release|M8SDK (ARMV4I)
		{6EC7C810-347D-4D75-8855-A40D663E7282}.Release|M8SDK (ARMV4I).Deploy.0 = Release|M8SDK (ARMV4I)
	EndGlobalSection
	GlobalSection(SolutionProperties) = preSolution
		HideSolutionNode = FALSE
	EndGlobalSection
EndGlobal
